
Microsoft Visual Studio Solution File, Format Version 12.00
# Visual Studio 14
VisualStudioVersion = 14.0.24720.0
MinimumVisualStudioVersion = 10.0.40219.1
Project("{FAE04EC0-301F-11D3-BF4B-00C04F79EFBC}") = "CityLights", "CityLights\CityLights.csproj", "{C0D6B86D-11B6-4ABB-8517-877C1721E8A2}"
	ProjectSection(ProjectDependencies) = postProject
		{00BDFD23-EC77-4876-AC73-11AA9124EA35} = {00BDFD23-EC77-4876-AC73-11AA9124EA35}
		{499E8C5C-C83E-4AEA-BB01-EED705BD747F} = {499E8C5C-C83E-4AEA-BB01-EED705BD747F}
	EndProjectSection
EndProject
Project("{FAE04EC0-301F-11D3-BF4B-00C04F79EFBC}") = "Terrain", "Terrain\Terrain.csproj", "{00BDFD23-EC77-4876-AC73-11AA9124EA35}"
EndProject
Project("{FAE04EC0-301F-11D3-BF4B-00C04F79EFBC}") = "EVEManager", "EveManager\EVEManager.csproj", "{499E8C5C-C83E-4AEA-BB01-EED705BD747F}"
EndProject
Project("{FAE04EC0-301F-11D3-BF4B-00C04F79EFBC}") = "PQSManager", "PQSManager\PQSManager.csproj", "{BDC8381A-C16B-4FD1-AFB4-D30EA906E367}"
EndProject
Project("{FAE04EC0-301F-11D3-BF4B-00C04F79EFBC}") = "Utils", "Utils\Utils.csproj", "{8B24314B-4B75-43F3-B31C-FFA9FC83FB70}"
EndProject
Project("{FAE04EC0-301F-11D3-BF4B-00C04F79EFBC}") = "ShaderLoader", "ShaderLoader\ShaderLoader.csproj", "{F210FBC0-0CBB-4CD2-A3F0-E32096CF256D}"
EndProject
Project("{FAE04EC0-301F-11D3-BF4B-00C04F79EFBC}") = "CelestialShadows", "CelestialShadows\CelestialShadows.csproj", "{113CB5CB-7FA2-40A7-9D06-F2AD1FBEADFB}"
EndProject
Project("{FAE04EC0-301F-11D3-BF4B-00C04F79EFBC}") = "_BuildManager", "_BuildManager\_BuildManager.csproj", "{AA6BCF78-47DB-4645-BE06-FA5E0912E948}"
	ProjectSection(ProjectDependencies) = postProject
		{8DF6A385-18E6-4E76-A060-4C3847CA3046} = {8DF6A385-18E6-4E76-A060-4C3847CA3046}
		{671765E7-9D23-456F-B5C5-97FBDEFD229E} = {671765E7-9D23-456F-B5C5-97FBDEFD229E}
		{08C5F3E9-1567-4679-ACA2-360351B636BD} = {08C5F3E9-1567-4679-ACA2-360351B636BD}
	EndProjectSection
EndProject
Project("{FAE04EC0-301F-11D3-BF4B-00C04F79EFBC}") = "TextureConfig", "TextureConfig\TextureConfig.csproj", "{671765E7-9D23-456F-B5C5-97FBDEFD229E}"
EndProject
Project("{FAE04EC0-301F-11D3-BF4B-00C04F79EFBC}") = "Atmosphere", "Atmosphere\Atmosphere.csproj", "{8DF6A385-18E6-4E76-A060-4C3847CA3046}"
EndProject
Project("{FAE04EC0-301F-11D3-BF4B-00C04F79EFBC}") = "PartFX", "PartFX\PartFX.csproj", "{08C5F3E9-1567-4679-ACA2-360351B636BD}"
EndProject
Global
	GlobalSection(SolutionConfigurationPlatforms) = preSolution
		Debug|Any CPU = Debug|Any CPU
		Debug|Mixed Platforms = Debug|Mixed Platforms
		Debug|x64 = Debug|x64
		Debug|x86 = Debug|x86
		experimentals|Any CPU = experimentals|Any CPU
		experimentals|Mixed Platforms = experimentals|Mixed Platforms
		experimentals|x64 = experimentals|x64
		experimentals|x86 = experimentals|x86
		Release|Any CPU = Release|Any CPU
		Release|Mixed Platforms = Release|Mixed Platforms
		Release|x64 = Release|x64
		Release|x86 = Release|x86
	EndGlobalSection
	GlobalSection(ProjectConfigurationPlatforms) = postSolution
		{C0D6B86D-11B6-4ABB-8517-877C1721E8A2}.Debug|Any CPU.ActiveCfg = Release|Any CPU
		{C0D6B86D-11B6-4ABB-8517-877C1721E8A2}.Debug|Any CPU.Build.0 = Release|Any CPU
		{C0D6B86D-11B6-4ABB-8517-877C1721E8A2}.Debug|Mixed Platforms.ActiveCfg = Debug|x86
		{C0D6B86D-11B6-4ABB-8517-877C1721E8A2}.Debug|Mixed Platforms.Build.0 = Debug|x86
		{C0D6B86D-11B6-4ABB-8517-877C1721E8A2}.Debug|x64.ActiveCfg = Debug|x64
		{C0D6B86D-11B6-4ABB-8517-877C1721E8A2}.Debug|x64.Build.0 = Debug|x64
		{C0D6B86D-11B6-4ABB-8517-877C1721E8A2}.Debug|x86.ActiveCfg = Debug|x86
		{C0D6B86D-11B6-4ABB-8517-877C1721E8A2}.Debug|x86.Build.0 = Debug|x86
		{C0D6B86D-11B6-4ABB-8517-877C1721E8A2}.experimentals|Any CPU.ActiveCfg = experimentals|Any CPU
		{C0D6B86D-11B6-4ABB-8517-877C1721E8A2}.experimentals|Any CPU.Build.0 = experimentals|Any CPU
		{C0D6B86D-11B6-4ABB-8517-877C1721E8A2}.experimentals|Mixed Platforms.ActiveCfg = experimentals|x86
		{C0D6B86D-11B6-4ABB-8517-877C1721E8A2}.experimentals|Mixed Platforms.Build.0 = experimentals|x86
		{C0D6B86D-11B6-4ABB-8517-877C1721E8A2}.experimentals|x64.ActiveCfg = experimentals|x64
		{C0D6B86D-11B6-4ABB-8517-877C1721E8A2}.experimentals|x64.Build.0 = experimentals|x64
		{C0D6B86D-11B6-4ABB-8517-877C1721E8A2}.experimentals|x86.ActiveCfg = experimentals|x86
		{C0D6B86D-11B6-4ABB-8517-877C1721E8A2}.experimentals|x86.Build.0 = experimentals|x86
		{C0D6B86D-11B6-4ABB-8517-877C1721E8A2}.Release|Any CPU.ActiveCfg = Release|Any CPU
		{C0D6B86D-11B6-4ABB-8517-877C1721E8A2}.Release|Any CPU.Build.0 = Release|Any CPU
		{C0D6B86D-11B6-4ABB-8517-877C1721E8A2}.Release|Mixed Platforms.ActiveCfg = Release|x86
		{C0D6B86D-11B6-4ABB-8517-877C1721E8A2}.Release|Mixed Platforms.Build.0 = Release|x86
		{C0D6B86D-11B6-4ABB-8517-877C1721E8A2}.Release|x64.ActiveCfg = Release|x64
		{C0D6B86D-11B6-4ABB-8517-877C1721E8A2}.Release|x64.Build.0 = Release|x64
		{C0D6B86D-11B6-4ABB-8517-877C1721E8A2}.Release|x86.ActiveCfg = Release|x86
		{C0D6B86D-11B6-4ABB-8517-877C1721E8A2}.Release|x86.Build.0 = Release|x86
		{00BDFD23-EC77-4876-AC73-11AA9124EA35}.Debug|Any CPU.ActiveCfg = Release|Any CPU
		{00BDFD23-EC77-4876-AC73-11AA9124EA35}.Debug|Any CPU.Build.0 = Release|Any CPU
		{00BDFD23-EC77-4876-AC73-11AA9124EA35}.Debug|Mixed Platforms.ActiveCfg = Debug|x86
		{00BDFD23-EC77-4876-AC73-11AA9124EA35}.Debug|Mixed Platforms.Build.0 = Debug|x86
		{00BDFD23-EC77-4876-AC73-11AA9124EA35}.Debug|x64.ActiveCfg = Debug|x64
		{00BDFD23-EC77-4876-AC73-11AA9124EA35}.Debug|x64.Build.0 = Debug|x64
		{00BDFD23-EC77-4876-AC73-11AA9124EA35}.Debug|x86.ActiveCfg = Debug|x86
		{00BDFD23-EC77-4876-AC73-11AA9124EA35}.Debug|x86.Build.0 = Debug|x86
		{00BDFD23-EC77-4876-AC73-11AA9124EA35}.experimentals|Any CPU.ActiveCfg = experimentals|Any CPU
		{00BDFD23-EC77-4876-AC73-11AA9124EA35}.experimentals|Any CPU.Build.0 = experimentals|Any CPU
		{00BDFD23-EC77-4876-AC73-11AA9124EA35}.experimentals|Mixed Platforms.ActiveCfg = experimentals|x86
		{00BDFD23-EC77-4876-AC73-11AA9124EA35}.experimentals|Mixed Platforms.Build.0 = experimentals|x86
		{00BDFD23-EC77-4876-AC73-11AA9124EA35}.experimentals|x64.ActiveCfg = experimentals|x64
		{00BDFD23-EC77-4876-AC73-11AA9124EA35}.experimentals|x64.Build.0 = experimentals|x64
		{00BDFD23-EC77-4876-AC73-11AA9124EA35}.experimentals|x86.ActiveCfg = experimentals|x86
		{00BDFD23-EC77-4876-AC73-11AA9124EA35}.experimentals|x86.Build.0 = experimentals|x86
		{00BDFD23-EC77-4876-AC73-11AA9124EA35}.Release|Any CPU.ActiveCfg = Release|Any CPU
		{00BDFD23-EC77-4876-AC73-11AA9124EA35}.Release|Any CPU.Build.0 = Release|Any CPU
		{00BDFD23-EC77-4876-AC73-11AA9124EA35}.Release|Mixed Platforms.ActiveCfg = Release|x86
		{00BDFD23-EC77-4876-AC73-11AA9124EA35}.Release|Mixed Platforms.Build.0 = Release|x86
		{00BDFD23-EC77-4876-AC73-11AA9124EA35}.Release|x64.ActiveCfg = Release|x64
		{00BDFD23-EC77-4876-AC73-11AA9124EA35}.Release|x64.Build.0 = Release|x64
		{00BDFD23-EC77-4876-AC73-11AA9124EA35}.Release|x86.ActiveCfg = Release|x86
		{00BDFD23-EC77-4876-AC73-11AA9124EA35}.Release|x86.Build.0 = Release|x86
		{499E8C5C-C83E-4AEA-BB01-EED705BD747F}.Debug|Any CPU.ActiveCfg = Release|Any CPU
		{499E8C5C-C83E-4AEA-BB01-EED705BD747F}.Debug|Any CPU.Build.0 = Release|Any CPU
		{499E8C5C-C83E-4AEA-BB01-EED705BD747F}.Debug|Mixed Platforms.ActiveCfg = Debug|x86
		{499E8C5C-C83E-4AEA-BB01-EED705BD747F}.Debug|Mixed Platforms.Build.0 = Debug|x86
		{499E8C5C-C83E-4AEA-BB01-EED705BD747F}.Debug|x64.ActiveCfg = Debug|x64
		{499E8C5C-C83E-4AEA-BB01-EED705BD747F}.Debug|x64.Build.0 = Debug|x64
		{499E8C5C-C83E-4AEA-BB01-EED705BD747F}.Debug|x86.ActiveCfg = Debug|x86
		{499E8C5C-C83E-4AEA-BB01-EED705BD747F}.Debug|x86.Build.0 = Debug|x86
		{499E8C5C-C83E-4AEA-BB01-EED705BD747F}.experimentals|Any CPU.ActiveCfg = experimentals|Any CPU
		{499E8C5C-C83E-4AEA-BB01-EED705BD747F}.experimentals|Any CPU.Build.0 = experimentals|Any CPU
		{499E8C5C-C83E-4AEA-BB01-EED705BD747F}.experimentals|Mixed Platforms.ActiveCfg = experimentals|x86
		{499E8C5C-C83E-4AEA-BB01-EED705BD747F}.experimentals|Mixed Platforms.Build.0 = experimentals|x86
		{499E8C5C-C83E-4AEA-BB01-EED705BD747F}.experimentals|x64.ActiveCfg = experimentals|x64
		{499E8C5C-C83E-4AEA-BB01-EED705BD747F}.experimentals|x64.Build.0 = experimentals|x64
		{499E8C5C-C83E-4AEA-BB01-EED705BD747F}.experimentals|x86.ActiveCfg = experimentals|x86
		{499E8C5C-C83E-4AEA-BB01-EED705BD747F}.experimentals|x86.Build.0 = experimentals|x86
		{499E8C5C-C83E-4AEA-BB01-EED705BD747F}.Release|Any CPU.ActiveCfg = Release|Any CPU
		{499E8C5C-C83E-4AEA-BB01-EED705BD747F}.Release|Any CPU.Build.0 = Release|Any CPU
		{499E8C5C-C83E-4AEA-BB01-EED705BD747F}.Release|Mixed Platforms.ActiveCfg = Release|x86
		{499E8C5C-C83E-4AEA-BB01-EED705BD747F}.Release|Mixed Platforms.Build.0 = Release|x86
		{499E8C5C-C83E-4AEA-BB01-EED705BD747F}.Release|x64.ActiveCfg = Release|x64
		{499E8C5C-C83E-4AEA-BB01-EED705BD747F}.Release|x64.Build.0 = Release|x64
		{499E8C5C-C83E-4AEA-BB01-EED705BD747F}.Release|x86.ActiveCfg = Release|x86
		{499E8C5C-C83E-4AEA-BB01-EED705BD747F}.Release|x86.Build.0 = Release|x86
		{BDC8381A-C16B-4FD1-AFB4-D30EA906E367}.Debug|Any CPU.ActiveCfg = Release|Any CPU
		{BDC8381A-C16B-4FD1-AFB4-D30EA906E367}.Debug|Any CPU.Build.0 = Release|Any CPU
		{BDC8381A-C16B-4FD1-AFB4-D30EA906E367}.Debug|Mixed Platforms.ActiveCfg = Debug|x86
		{BDC8381A-C16B-4FD1-AFB4-D30EA906E367}.Debug|Mixed Platforms.Build.0 = Debug|x86
		{BDC8381A-C16B-4FD1-AFB4-D30EA906E367}.Debug|x64.ActiveCfg = Debug|x64
		{BDC8381A-C16B-4FD1-AFB4-D30EA906E367}.Debug|x64.Build.0 = Debug|x64
		{BDC8381A-C16B-4FD1-AFB4-D30EA906E367}.Debug|x86.ActiveCfg = Debug|x86
		{BDC8381A-C16B-4FD1-AFB4-D30EA906E367}.Debug|x86.Build.0 = Debug|x86
		{BDC8381A-C16B-4FD1-AFB4-D30EA906E367}.experimentals|Any CPU.ActiveCfg = experimentals|Any CPU
		{BDC8381A-C16B-4FD1-AFB4-D30EA906E367}.experimentals|Any CPU.Build.0 = experimentals|Any CPU
		{BDC8381A-C16B-4FD1-AFB4-D30EA906E367}.experimentals|Mixed Platforms.ActiveCfg = experimentals|x86
		{BDC8381A-C16B-4FD1-AFB4-D30EA906E367}.experimentals|Mixed Platforms.Build.0 = experimentals|x86
		{BDC8381A-C16B-4FD1-AFB4-D30EA906E367}.experimentals|x64.ActiveCfg = experimentals|x64
		{BDC8381A-C16B-4FD1-AFB4-D30EA906E367}.experimentals|x64.Build.0 = experimentals|x64
		{BDC8381A-C16B-4FD1-AFB4-D30EA906E367}.experimentals|x86.ActiveCfg = experimentals|x86
		{BDC8381A-C16B-4FD1-AFB4-D30EA906E367}.experimentals|x86.Build.0 = experimentals|x86
		{BDC8381A-C16B-4FD1-AFB4-D30EA906E367}.Release|Any CPU.ActiveCfg = Release|Any CPU
		{BDC8381A-C16B-4FD1-AFB4-D30EA906E367}.Release|Any CPU.Build.0 = Release|Any CPU
		{BDC8381A-C16B-4FD1-AFB4-D30EA906E367}.Release|Mixed Platforms.ActiveCfg = Release|x86
		{BDC8381A-C16B-4FD1-AFB4-D30EA906E367}.Release|Mixed Platforms.Build.0 = Release|x86
		{BDC8381A-C16B-4FD1-AFB4-D30EA906E367}.Release|x64.ActiveCfg = Release|x64
		{BDC8381A-C16B-4FD1-AFB4-D30EA906E367}.Release|x64.Build.0 = Release|x64
		{BDC8381A-C16B-4FD1-AFB4-D30EA906E367}.Release|x86.ActiveCfg = Release|x86
		{BDC8381A-C16B-4FD1-AFB4-D30EA906E367}.Release|x86.Build.0 = Release|x86
		{8B24314B-4B75-43F3-B31C-FFA9FC83FB70}.Debug|Any CPU.ActiveCfg = Release|Any CPU
		{8B24314B-4B75-43F3-B31C-FFA9FC83FB70}.Debug|Any CPU.Build.0 = Release|Any CPU
		{8B24314B-4B75-43F3-B31C-FFA9FC83FB70}.Debug|Mixed Platforms.ActiveCfg = Debug|x86
		{8B24314B-4B75-43F3-B31C-FFA9FC83FB70}.Debug|Mixed Platforms.Build.0 = Debug|x86
		{8B24314B-4B75-43F3-B31C-FFA9FC83FB70}.Debug|x64.ActiveCfg = Debug|x64
		{8B24314B-4B75-43F3-B31C-FFA9FC83FB70}.Debug|x64.Build.0 = Debug|x64
		{8B24314B-4B75-43F3-B31C-FFA9FC83FB70}.Debug|x86.ActiveCfg = Debug|x86
		{8B24314B-4B75-43F3-B31C-FFA9FC83FB70}.Debug|x86.Build.0 = Debug|x86
		{8B24314B-4B75-43F3-B31C-FFA9FC83FB70}.experimentals|Any CPU.ActiveCfg = experimentals|Any CPU
		{8B24314B-4B75-43F3-B31C-FFA9FC83FB70}.experimentals|Any CPU.Build.0 = experimentals|Any CPU
		{8B24314B-4B75-43F3-B31C-FFA9FC83FB70}.experimentals|Mixed Platforms.ActiveCfg = experimentals|x86
		{8B24314B-4B75-43F3-B31C-FFA9FC83FB70}.experimentals|Mixed Platforms.Build.0 = experimentals|x86
		{8B24314B-4B75-43F3-B31C-FFA9FC83FB70}.experimentals|x64.ActiveCfg = experimentals|x64
		{8B24314B-4B75-43F3-B31C-FFA9FC83FB70}.experimentals|x64.Build.0 = experimentals|x64
		{8B24314B-4B75-43F3-B31C-FFA9FC83FB70}.experimentals|x86.ActiveCfg = experimentals|x86
		{8B24314B-4B75-43F3-B31C-FFA9FC83FB70}.experimentals|x86.Build.0 = experimentals|x86
		{8B24314B-4B75-43F3-B31C-FFA9FC83FB70}.Release|Any CPU.ActiveCfg = Release|Any CPU
		{8B24314B-4B75-43F3-B31C-FFA9FC83FB70}.Release|Any CPU.Build.0 = Release|Any CPU
		{8B24314B-4B75-43F3-B31C-FFA9FC83FB70}.Release|Mixed Platforms.ActiveCfg = Release|x86
		{8B24314B-4B75-43F3-B31C-FFA9FC83FB70}.Release|Mixed Platforms.Build.0 = Release|x86
		{8B24314B-4B75-43F3-B31C-FFA9FC83FB70}.Release|x64.ActiveCfg = Release|x64
		{8B24314B-4B75-43F3-B31C-FFA9FC83FB70}.Release|x64.Build.0 = Release|x64
		{8B24314B-4B75-43F3-B31C-FFA9FC83FB70}.Release|x86.ActiveCfg = Release|x86
		{8B24314B-4B75-43F3-B31C-FFA9FC83FB70}.Release|x86.Build.0 = Release|x86
		{F210FBC0-0CBB-4CD2-A3F0-E32096CF256D}.Debug|Any CPU.ActiveCfg = Release|Any CPU
		{F210FBC0-0CBB-4CD2-A3F0-E32096CF256D}.Debug|Any CPU.Build.0 = Release|Any CPU
		{F210FBC0-0CBB-4CD2-A3F0-E32096CF256D}.Debug|Mixed Platforms.ActiveCfg = Debug|x86
		{F210FBC0-0CBB-4CD2-A3F0-E32096CF256D}.Debug|Mixed Platforms.Build.0 = Debug|x86
		{F210FBC0-0CBB-4CD2-A3F0-E32096CF256D}.Debug|x64.ActiveCfg = Debug|x64
		{F210FBC0-0CBB-4CD2-A3F0-E32096CF256D}.Debug|x64.Build.0 = Debug|x64
		{F210FBC0-0CBB-4CD2-A3F0-E32096CF256D}.Debug|x86.ActiveCfg = Debug|x86
		{F210FBC0-0CBB-4CD2-A3F0-E32096CF256D}.Debug|x86.Build.0 = Debug|x86
		{F210FBC0-0CBB-4CD2-A3F0-E32096CF256D}.experimentals|Any CPU.ActiveCfg = experimentals|Any CPU
		{F210FBC0-0CBB-4CD2-A3F0-E32096CF256D}.experimentals|Any CPU.Build.0 = experimentals|Any CPU
		{F210FBC0-0CBB-4CD2-A3F0-E32096CF256D}.experimentals|Mixed Platforms.ActiveCfg = experimentals|x86
		{F210FBC0-0CBB-4CD2-A3F0-E32096CF256D}.experimentals|Mixed Platforms.Build.0 = experimentals|x86
		{F210FBC0-0CBB-4CD2-A3F0-E32096CF256D}.experimentals|x64.ActiveCfg = experimentals|x64
		{F210FBC0-0CBB-4CD2-A3F0-E32096CF256D}.experimentals|x64.Build.0 = experimentals|x64
		{F210FBC0-0CBB-4CD2-A3F0-E32096CF256D}.experimentals|x86.ActiveCfg = experimentals|x86
		{F210FBC0-0CBB-4CD2-A3F0-E32096CF256D}.experimentals|x86.Build.0 = experimentals|x86
		{F210FBC0-0CBB-4CD2-A3F0-E32096CF256D}.Release|Any CPU.ActiveCfg = Release|Any CPU
		{F210FBC0-0CBB-4CD2-A3F0-E32096CF256D}.Release|Any CPU.Build.0 = Release|Any CPU
		{F210FBC0-0CBB-4CD2-A3F0-E32096CF256D}.Release|Mixed Platforms.ActiveCfg = Release|x86
		{F210FBC0-0CBB-4CD2-A3F0-E32096CF256D}.Release|Mixed Platforms.Build.0 = Release|x86
		{F210FBC0-0CBB-4CD2-A3F0-E32096CF256D}.Release|x64.ActiveCfg = Release|x64
		{F210FBC0-0CBB-4CD2-A3F0-E32096CF256D}.Release|x64.Build.0 = Release|x64
		{F210FBC0-0CBB-4CD2-A3F0-E32096CF256D}.Release|x86.ActiveCfg = Release|x86
		{F210FBC0-0CBB-4CD2-A3F0-E32096CF256D}.Release|x86.Build.0 = Release|x86
		{113CB5CB-7FA2-40A7-9D06-F2AD1FBEADFB}.Debug|Any CPU.ActiveCfg = Release|Any CPU
		{113CB5CB-7FA2-40A7-9D06-F2AD1FBEADFB}.Debug|Any CPU.Build.0 = Release|Any CPU
		{113CB5CB-7FA2-40A7-9D06-F2AD1FBEADFB}.Debug|Mixed Platforms.ActiveCfg = Debug|x86
		{113CB5CB-7FA2-40A7-9D06-F2AD1FBEADFB}.Debug|Mixed Platforms.Build.0 = Debug|x86
		{113CB5CB-7FA2-40A7-9D06-F2AD1FBEADFB}.Debug|x64.ActiveCfg = Debug|x64
		{113CB5CB-7FA2-40A7-9D06-F2AD1FBEADFB}.Debug|x64.Build.0 = Debug|x64
		{113CB5CB-7FA2-40A7-9D06-F2AD1FBEADFB}.Debug|x86.ActiveCfg = Debug|x86
		{113CB5CB-7FA2-40A7-9D06-F2AD1FBEADFB}.Debug|x86.Build.0 = Debug|x86
		{113CB5CB-7FA2-40A7-9D06-F2AD1FBEADFB}.experimentals|Any CPU.ActiveCfg = experimentals|Any CPU
		{113CB5CB-7FA2-40A7-9D06-F2AD1FBEADFB}.experimentals|Any CPU.Build.0 = experimentals|Any CPU
		{113CB5CB-7FA2-40A7-9D06-F2AD1FBEADFB}.experimentals|Mixed Platforms.ActiveCfg = experimentals|x86
		{113CB5CB-7FA2-40A7-9D06-F2AD1FBEADFB}.experimentals|Mixed Platforms.Build.0 = experimentals|x86
		{113CB5CB-7FA2-40A7-9D06-F2AD1FBEADFB}.experimentals|x64.ActiveCfg = experimentals|x64
		{113CB5CB-7FA2-40A7-9D06-F2AD1FBEADFB}.experimentals|x64.Build.0 = experimentals|x64
		{113CB5CB-7FA2-40A7-9D06-F2AD1FBEADFB}.experimentals|x86.ActiveCfg = experimentals|x86
		{113CB5CB-7FA2-40A7-9D06-F2AD1FBEADFB}.experimentals|x86.Build.0 = experimentals|x86
		{113CB5CB-7FA2-40A7-9D06-F2AD1FBEADFB}.Release|Any CPU.ActiveCfg = Release|Any CPU
		{113CB5CB-7FA2-40A7-9D06-F2AD1FBEADFB}.Release|Any CPU.Build.0 = Release|Any CPU
		{113CB5CB-7FA2-40A7-9D06-F2AD1FBEADFB}.Release|Mixed Platforms.ActiveCfg = Release|x86
		{113CB5CB-7FA2-40A7-9D06-F2AD1FBEADFB}.Release|Mixed Platforms.Build.0 = Release|x86
		{113CB5CB-7FA2-40A7-9D06-F2AD1FBEADFB}.Release|x64.ActiveCfg = Release|x64
		{113CB5CB-7FA2-40A7-9D06-F2AD1FBEADFB}.Release|x64.Build.0 = Release|x64
		{113CB5CB-7FA2-40A7-9D06-F2AD1FBEADFB}.Release|x86.ActiveCfg = Release|x86
		{113CB5CB-7FA2-40A7-9D06-F2AD1FBEADFB}.Release|x86.Build.0 = Release|x86
		{AA6BCF78-47DB-4645-BE06-FA5E0912E948}.Debug|Any CPU.ActiveCfg = Release|Any CPU
		{AA6BCF78-47DB-4645-BE06-FA5E0912E948}.Debug|Any CPU.Build.0 = Release|Any CPU
		{AA6BCF78-47DB-4645-BE06-FA5E0912E948}.Debug|Mixed Platforms.ActiveCfg = Debug|Any CPU
		{AA6BCF78-47DB-4645-BE06-FA5E0912E948}.Debug|Mixed Platforms.Build.0 = Debug|Any CPU
		{AA6BCF78-47DB-4645-BE06-FA5E0912E948}.Debug|x64.ActiveCfg = Debug|x64
		{AA6BCF78-47DB-4645-BE06-FA5E0912E948}.Debug|x64.Build.0 = Debug|x64
		{AA6BCF78-47DB-4645-BE06-FA5E0912E948}.Debug|x86.ActiveCfg = Debug|x86
		{AA6BCF78-47DB-4645-BE06-FA5E0912E948}.Debug|x86.Build.0 = Debug|x86
		{AA6BCF78-47DB-4645-BE06-FA5E0912E948}.experimentals|Any CPU.ActiveCfg = experimentals|Any CPU
		{AA6BCF78-47DB-4645-BE06-FA5E0912E948}.experimentals|Any CPU.Build.0 = experimentals|Any CPU
		{AA6BCF78-47DB-4645-BE06-FA5E0912E948}.experimentals|Mixed Platforms.ActiveCfg = experimentals|x86
		{AA6BCF78-47DB-4645-BE06-FA5E0912E948}.experimentals|Mixed Platforms.Build.0 = experimentals|x86
		{AA6BCF78-47DB-4645-BE06-FA5E0912E948}.experimentals|x64.ActiveCfg = experimentals|x64
		{AA6BCF78-47DB-4645-BE06-FA5E0912E948}.experimentals|x64.Build.0 = experimentals|x64
		{AA6BCF78-47DB-4645-BE06-FA5E0912E948}.experimentals|x86.ActiveCfg = experimentals|x86
		{AA6BCF78-47DB-4645-BE06-FA5E0912E948}.experimentals|x86.Build.0 = experimentals|x86
		{AA6BCF78-47DB-4645-BE06-FA5E0912E948}.Release|Any CPU.ActiveCfg = Release|Any CPU
		{AA6BCF78-47DB-4645-BE06-FA5E0912E948}.Release|Any CPU.Build.0 = Release|Any CPU
		{AA6BCF78-47DB-4645-BE06-FA5E0912E948}.Release|Mixed Platforms.ActiveCfg = Release|Any CPU
		{AA6BCF78-47DB-4645-BE06-FA5E0912E948}.Release|Mixed Platforms.Build.0 = Release|Any CPU
		{AA6BCF78-47DB-4645-BE06-FA5E0912E948}.Release|x64.ActiveCfg = Release|x64
		{AA6BCF78-47DB-4645-BE06-FA5E0912E948}.Release|x64.Build.0 = Release|x64
		{AA6BCF78-47DB-4645-BE06-FA5E0912E948}.Release|x86.ActiveCfg = Release|x86
		{AA6BCF78-47DB-4645-BE06-FA5E0912E948}.Release|x86.Build.0 = Release|x86
		{671765E7-9D23-456F-B5C5-97FBDEFD229E}.Debug|Any CPU.ActiveCfg = Debug|Any CPU
		{671765E7-9D23-456F-B5C5-97FBDEFD229E}.Debug|Any CPU.Build.0 = Debug|Any CPU
		{671765E7-9D23-456F-B5C5-97FBDEFD229E}.Debug|Mixed Platforms.ActiveCfg = Debug|Any CPU
		{671765E7-9D23-456F-B5C5-97FBDEFD229E}.Debug|Mixed Platforms.Build.0 = Debug|Any CPU
		{671765E7-9D23-456F-B5C5-97FBDEFD229E}.Debug|x64.ActiveCfg = Debug|x64
		{671765E7-9D23-456F-B5C5-97FBDEFD229E}.Debug|x64.Build.0 = Debug|x64
		{671765E7-9D23-456F-B5C5-97FBDEFD229E}.Debug|x86.ActiveCfg = Debug|x86
		{671765E7-9D23-456F-B5C5-97FBDEFD229E}.Debug|x86.Build.0 = Debug|x86
		{671765E7-9D23-456F-B5C5-97FBDEFD229E}.experimentals|Any CPU.ActiveCfg = experimentals|Any CPU
		{671765E7-9D23-456F-B5C5-97FBDEFD229E}.experimentals|Any CPU.Build.0 = experimentals|Any CPU
		{671765E7-9D23-456F-B5C5-97FBDEFD229E}.experimentals|Mixed Platforms.ActiveCfg = experimentals|x86
		{671765E7-9D23-456F-B5C5-97FBDEFD229E}.experimentals|Mixed Platforms.Build.0 = experimentals|x86
		{671765E7-9D23-456F-B5C5-97FBDEFD229E}.experimentals|x64.ActiveCfg = experimentals|x64
		{671765E7-9D23-456F-B5C5-97FBDEFD229E}.experimentals|x64.Build.0 = experimentals|x64
		{671765E7-9D23-456F-B5C5-97FBDEFD229E}.experimentals|x86.ActiveCfg = experimentals|x86
		{671765E7-9D23-456F-B5C5-97FBDEFD229E}.experimentals|x86.Build.0 = experimentals|x86
		{671765E7-9D23-456F-B5C5-97FBDEFD229E}.Release|Any CPU.ActiveCfg = Release|Any CPU
		{671765E7-9D23-456F-B5C5-97FBDEFD229E}.Release|Any CPU.Build.0 = Release|Any CPU
		{671765E7-9D23-456F-B5C5-97FBDEFD229E}.Release|Mixed Platforms.ActiveCfg = Release|Any CPU
		{671765E7-9D23-456F-B5C5-97FBDEFD229E}.Release|Mixed Platforms.Build.0 = Release|Any CPU
		{671765E7-9D23-456F-B5C5-97FBDEFD229E}.Release|x64.ActiveCfg = Release|x64
		{671765E7-9D23-456F-B5C5-97FBDEFD229E}.Release|x64.Build.0 = Release|x64
		{671765E7-9D23-456F-B5C5-97FBDEFD229E}.Release|x86.ActiveCfg = Release|x86
		{671765E7-9D23-456F-B5C5-97FBDEFD229E}.Release|x86.Build.0 = Release|x86
		{8DF6A385-18E6-4E76-A060-4C3847CA3046}.Debug|Any CPU.ActiveCfg = Debug|Any CPU
		{8DF6A385-18E6-4E76-A060-4C3847CA3046}.Debug|Any CPU.Build.0 = Debug|Any CPU
		{8DF6A385-18E6-4E76-A060-4C3847CA3046}.Debug|Mixed Platforms.ActiveCfg = Debug|x86
		{8DF6A385-18E6-4E76-A060-4C3847CA3046}.Debug|Mixed Platforms.Build.0 = Debug|x86
		{8DF6A385-18E6-4E76-A060-4C3847CA3046}.Debug|x64.ActiveCfg = Debug|x64
		{8DF6A385-18E6-4E76-A060-4C3847CA3046}.Debug|x64.Build.0 = Debug|x64
		{8DF6A385-18E6-4E76-A060-4C3847CA3046}.Debug|x86.ActiveCfg = Debug|x86
		{8DF6A385-18E6-4E76-A060-4C3847CA3046}.Debug|x86.Build.0 = Debug|x86
		{8DF6A385-18E6-4E76-A060-4C3847CA3046}.experimentals|Any CPU.ActiveCfg = experimentals|Any CPU
		{8DF6A385-18E6-4E76-A060-4C3847CA3046}.experimentals|Any CPU.Build.0 = experimentals|Any CPU
		{8DF6A385-18E6-4E76-A060-4C3847CA3046}.experimentals|Mixed Platforms.ActiveCfg = experimentals|x86
		{8DF6A385-18E6-4E76-A060-4C3847CA3046}.experimentals|Mixed Platforms.Build.0 = experimentals|x86
		{8DF6A385-18E6-4E76-A060-4C3847CA3046}.experimentals|x64.ActiveCfg = experimentals|x64
		{8DF6A385-18E6-4E76-A060-4C3847CA3046}.experimentals|x64.Build.0 = experimentals|x64
		{8DF6A385-18E6-4E76-A060-4C3847CA3046}.experimentals|x86.ActiveCfg = experimentals|x86
		{8DF6A385-18E6-4E76-A060-4C3847CA3046}.experimentals|x86.Build.0 = experimentals|x86
		{8DF6A385-18E6-4E76-A060-4C3847CA3046}.Release|Any CPU.ActiveCfg = Release|Any CPU
		{8DF6A385-18E6-4E76-A060-4C3847CA3046}.Release|Any CPU.Build.0 = Release|Any CPU
		{8DF6A385-18E6-4E76-A060-4C3847CA3046}.Release|Mixed Platforms.ActiveCfg = Release|x86
		{8DF6A385-18E6-4E76-A060-4C3847CA3046}.Release|Mixed Platforms.Build.0 = Release|x86
		{8DF6A385-18E6-4E76-A060-4C3847CA3046}.Release|x64.ActiveCfg = Release|x64
		{8DF6A385-18E6-4E76-A060-4C3847CA3046}.Release|x64.Build.0 = Release|x64
		{8DF6A385-18E6-4E76-A060-4C3847CA3046}.Release|x86.ActiveCfg = Release|x86
		{8DF6A385-18E6-4E76-A060-4C3847CA3046}.Release|x86.Build.0 = Release|x86
		{08C5F3E9-1567-4679-ACA2-360351B636BD}.Debug|Any CPU.ActiveCfg = Debug|Any CPU
		{08C5F3E9-1567-4679-ACA2-360351B636BD}.Debug|Any CPU.Build.0 = Debug|Any CPU
		{08C5F3E9-1567-4679-ACA2-360351B636BD}.Debug|Mixed Platforms.ActiveCfg = Debug|x86
		{08C5F3E9-1567-4679-ACA2-360351B636BD}.Debug|Mixed Platforms.Build.0 = Debug|x86
		{08C5F3E9-1567-4679-ACA2-360351B636BD}.Debug|x64.ActiveCfg = Debug|x64
		{08C5F3E9-1567-4679-ACA2-360351B636BD}.Debug|x64.Build.0 = Debug|x64
		{08C5F3E9-1567-4679-ACA2-360351B636BD}.Debug|x86.ActiveCfg = Debug|x86
		{08C5F3E9-1567-4679-ACA2-360351B636BD}.Debug|x86.Build.0 = Debug|x86
		{08C5F3E9-1567-4679-ACA2-360351B636BD}.experimentals|Any CPU.ActiveCfg = experimentals|Any CPU
		{08C5F3E9-1567-4679-ACA2-360351B636BD}.experimentals|Any CPU.Build.0 = experimentals|Any CPU
		{08C5F3E9-1567-4679-ACA2-360351B636BD}.experimentals|Mixed Platforms.ActiveCfg = experimentals|x86
		{08C5F3E9-1567-4679-ACA2-360351B636BD}.experimentals|Mixed Platforms.Build.0 = experimentals|x86
		{08C5F3E9-1567-4679-ACA2-360351B636BD}.experimentals|x64.ActiveCfg = experimentals|x64
		{08C5F3E9-1567-4679-ACA2-360351B636BD}.experimentals|x64.Build.0 = experimentals|x64
		{08C5F3E9-1567-4679-ACA2-360351B636BD}.experimentals|x86.ActiveCfg = experimentals|x86
		{08C5F3E9-1567-4679-ACA2-360351B636BD}.experimentals|x86.Build.0 = experimentals|x86
		{08C5F3E9-1567-4679-ACA2-360351B636BD}.Release|Any CPU.ActiveCfg = Release|Any CPU
		{08C5F3E9-1567-4679-ACA2-360351B636BD}.Release|Any CPU.Build.0 = Release|Any CPU
		{08C5F3E9-1567-4679-ACA2-360351B636BD}.Release|Mixed Platforms.ActiveCfg = Release|x86
		{08C5F3E9-1567-4679-ACA2-360351B636BD}.Release|Mixed Platforms.Build.0 = Release|x86
		{08C5F3E9-1567-4679-ACA2-360351B636BD}.Release|x64.ActiveCfg = Release|x64
		{08C5F3E9-1567-4679-ACA2-360351B636BD}.Release|x64.Build.0 = Release|x64
		{08C5F3E9-1567-4679-ACA2-360351B636BD}.Release|x86.ActiveCfg = Release|x86
		{08C5F3E9-1567-4679-ACA2-360351B636BD}.Release|x86.Build.0 = Release|x86
	EndGlobalSection
	GlobalSection(SolutionProperties) = preSolution
		HideSolutionNode = FALSE
	EndGlobalSection
EndGlobal
